
Microsoft Visual Studio Solution File, Format Version 12.00
# Visual Studio Version 17
VisualStudioVersion = 17.14.36705.20 d17.14
MinimumVisualStudioVersion = 10.0.40219.1
Project("{FAE04EC0-301F-11D3-BF4B-00C04F79EFBC}") = "Line.Messaging.API", "Line.Messaging.API\Line.Messaging.API.csproj", "{8041DDA5-FB9B-4D64-8B13-56E11163D804}"
EndProject
Project("{FAE04EC0-301F-11D3-BF4B-00C04F79EFBC}") = "Line.Messaging.API.Tests", "Line.Messaging.API.Tests\Line.Messaging.API.Tests.csproj", "{DD4F7B5C-4F09-450A-BB66-35BC5257171A}"
EndProject
Global
	GlobalSection(SolutionConfigurationPlatforms) = preSolution
		Debug|Any CPU = Debug|Any CPU
		Release|Any CPU = Release|Any CPU
	EndGlobalSection
	GlobalSection(ProjectConfigurationPlatforms) = postSolution
		{8041DDA5-FB9B-4D64-8B13-56E11163D804}.Debug|Any CPU.ActiveCfg = Debug|Any CPU
		{8041DDA5-FB9B-4D64-8B13-56E11163D804}.Debug|Any CPU.Build.0 = Debug|Any CPU
		{8041DDA5-FB9B-4D64-8B13-56E11163D804}.Release|Any CPU.ActiveCfg = Release|Any CPU
		{8041DDA5-FB9B-4D64-8B13-56E11163D804}.Release|Any CPU.Build.0 = Release|Any CPU
		{DD4F7B5C-4F09-450A-BB66-35BC5257171A}.Debug|Any CPU.ActiveCfg = Debug|Any CPU
		{DD4F7B5C-4F09-450A-BB66-35BC5257171A}.Debug|Any CPU.Build.0 = Debug|Any CPU
		{DD4F7B5C-4F09-450A-BB66-35BC5257171A}.Release|Any CPU.ActiveCfg = Release|Any CPU
		{DD4F7B5C-4F09-450A-BB66-35BC5257171A}.Release|Any CPU.Build.0 = Release|Any CPU
	EndGlobalSection
	GlobalSection(SolutionProperties) = preSolution
		HideSolutionNode = FALSE
	EndGlobalSection
	GlobalSection(ExtensibilityGlobals) = postSolution
		SolutionGuid = {1ACD5B43-0B60-4BCB-8A30-F5AD9171C028}
	EndGlobalSection
EndGlobal
